
Microsoft Visual Studio Solution File, Format Version 12.00
# Visual Studio Version 17
VisualStudioVersion = 17.14.36518.9
MinimumVisualStudioVersion = 10.0.40219.1
Project("{FAE04EC0-301F-11D3-BF4B-00C04F79EFBC}") = "TestExamen", "TestExamen\TestExamen.csproj", "{1BADF725-DB0B-4695-AD47-A5AC64D527A9}"
EndProject
Project("{FAE04EC0-301F-11D3-BF4B-00C04F79EFBC}") = "TestExamen.Tests", "TestExamen.Tests\TestExamen.Tests.csproj", "{DCB32965-74EF-4AD2-8050-4058FB3DF204}"
EndProject
Global
	GlobalSection(SolutionConfigurationPlatforms) = preSolution
		Debug|Any CPU = Debug|Any CPU
		Release|Any CPU = Release|Any CPU
	EndGlobalSection
	GlobalSection(ProjectConfigurationPlatforms) = postSolution
		{1BADF725-DB0B-4695-AD47-A5AC64D527A9}.Debug|Any CPU.ActiveCfg = Debug|Any CPU
		{1BADF725-DB0B-4695-AD47-A5AC64D527A9}.Debug|Any CPU.Build.0 = Debug|Any CPU
		{1BADF725-DB0B-4695-AD47-A5AC64D527A9}.Release|Any CPU.ActiveCfg = Release|Any CPU
		{1BADF725-DB0B-4695-AD47-A5AC64D527A9}.Release|Any CPU.Build.0 = Release|Any CPU
		{DCB32965-74EF-4AD2-8050-4058FB3DF204}.Debug|Any CPU.ActiveCfg = Debug|Any CPU
		{DCB32965-74EF-4AD2-8050-4058FB3DF204}.Debug|Any CPU.Build.0 = Debug|Any CPU
		{DCB32965-74EF-4AD2-8050-4058FB3DF204}.Release|Any CPU.ActiveCfg = Release|Any CPU
		{DCB32965-74EF-4AD2-8050-4058FB3DF204}.Release|Any CPU.Build.0 = Release|Any CPU
	EndGlobalSection
	GlobalSection(SolutionProperties) = preSolution
		HideSolutionNode = FALSE
	EndGlobalSection
	GlobalSection(ExtensibilityGlobals) = postSolution
		SolutionGuid = {9FA7275B-70BC-4356-A10A-DE99B21EE2ED}
	EndGlobalSection
EndGlobal
